// !$*UTF8*$!
{
	archiveVersion = 1;
	classes = {
	};
	objectVersion = 55;
	objects = {

/* Begin PBXBuildFile section */
		FD4BF9ED2814D91B00A07C63 /* TouchdownApp.swift in Sources */ = {isa = PBXBuildFile; fileRef = FD4BF9EC2814D91B00A07C63 /* TouchdownApp.swift */; };
		FD4BF9EF2814D91B00A07C63 /* ContentView.swift in Sources */ = {isa = PBXBuildFile; fileRef = FD4BF9EE2814D91B00A07C63 /* ContentView.swift */; };
		FD4BF9F12814D91C00A07C63 /* Assets.xcassets in Resources */ = {isa = PBXBuildFile; fileRef = FD4BF9F02814D91C00A07C63 /* Assets.xcassets */; };
		FD4BF9F42814D91C00A07C63 /* Preview Assets.xcassets in Resources */ = {isa = PBXBuildFile; fileRef = FD4BF9F32814D91C00A07C63 /* Preview Assets.xcassets */; };
		FD4BF9FE2814DA4900A07C63 /* product.json in Resources */ = {isa = PBXBuildFile; fileRef = FD4BF9FA2814DA4900A07C63 /* product.json */; };
		FD4BF9FF2814DA4900A07C63 /* category.json in Resources */ = {isa = PBXBuildFile; fileRef = FD4BF9FB2814DA4900A07C63 /* category.json */; };
		FD4BFA002814DA4900A07C63 /* brand.json in Resources */ = {isa = PBXBuildFile; fileRef = FD4BF9FC2814DA4900A07C63 /* brand.json */; };
		FD4BFA012814DA4900A07C63 /* player.json in Resources */ = {isa = PBXBuildFile; fileRef = FD4BF9FD2814DA4900A07C63 /* player.json */; };
		FD4BFA0C2814DB6C00A07C63 /* Constant.swift in Sources */ = {isa = PBXBuildFile; fileRef = FD4BFA0B2814DB6C00A07C63 /* Constant.swift */; };
		FD4BFA0E2814DC1200A07C63 /* FooterView.swift in Sources */ = {isa = PBXBuildFile; fileRef = FD4BFA0D2814DC1200A07C63 /* FooterView.swift */; };
		FD4BFA102814DED700A07C63 /* NavigationBarView.swift in Sources */ = {isa = PBXBuildFile; fileRef = FD4BFA0F2814DED700A07C63 /* NavigationBarView.swift */; };
		FD4BFA122814DFC100A07C63 /* LogoView.swift in Sources */ = {isa = PBXBuildFile; fileRef = FD4BFA112814DFC100A07C63 /* LogoView.swift */; };
		FD4BFA142814E57200A07C63 /* FeaturedItemView.swift in Sources */ = {isa = PBXBuildFile; fileRef = FD4BFA132814E57200A07C63 /* FeaturedItemView.swift */; };
		FD4BFA162814E5D700A07C63 /* PlayerModel.swift in Sources */ = {isa = PBXBuildFile; fileRef = FD4BFA152814E5D700A07C63 /* PlayerModel.swift */; };
		FD4BFA182814E63500A07C63 /* CodableBundleExtension.swift in Sources */ = {isa = PBXBuildFile; fileRef = FD4BFA172814E63500A07C63 /* CodableBundleExtension.swift */; };
		FD4BFA1A2814E7EE00A07C63 /* FeaturedTabView.swift in Sources */ = {isa = PBXBuildFile; fileRef = FD4BFA192814E7EE00A07C63 /* FeaturedTabView.swift */; };
		FD4BFA1C2814EA7700A07C63 /* CategoryModel.swift in Sources */ = {isa = PBXBuildFile; fileRef = FD4BFA1B2814EA7700A07C63 /* CategoryModel.swift */; };
		FD4BFA1E2814EE6300A07C63 /* CategoryItemView.swift in Sources */ = {isa = PBXBuildFile; fileRef = FD4BFA1D2814EE6300A07C63 /* CategoryItemView.swift */; };
		FD4BFA202814EFA500A07C63 /* CategoryGridView.swift in Sources */ = {isa = PBXBuildFile; fileRef = FD4BFA1F2814EFA500A07C63 /* CategoryGridView.swift */; };
		FD4BFA222814F61F00A07C63 /* SectionView.swift in Sources */ = {isa = PBXBuildFile; fileRef = FD4BFA212814F61F00A07C63 /* SectionView.swift */; };
		FD4BFA242814FC8500A07C63 /* TitleView.swift in Sources */ = {isa = PBXBuildFile; fileRef = FD4BFA232814FC8500A07C63 /* TitleView.swift */; };
		FD4BFA262814FD6200A07C63 /* ProductModel.swift in Sources */ = {isa = PBXBuildFile; fileRef = FD4BFA252814FD6200A07C63 /* ProductModel.swift */; };
		FD4BFA282814FDE300A07C63 /* ProductItemView.swift in Sources */ = {isa = PBXBuildFile; fileRef = FD4BFA272814FDE300A07C63 /* ProductItemView.swift */; };
		FD4BFA2A2815010000A07C63 /* BrandModel.swift in Sources */ = {isa = PBXBuildFile; fileRef = FD4BFA292815010000A07C63 /* BrandModel.swift */; };
		FD4BFA2C2815014600A07C63 /* BrandItemView.swift in Sources */ = {isa = PBXBuildFile; fileRef = FD4BFA2B2815014600A07C63 /* BrandItemView.swift */; };
		FD4BFA2E2815051500A07C63 /* BrandGridView.swift in Sources */ = {isa = PBXBuildFile; fileRef = FD4BFA2D2815051500A07C63 /* BrandGridView.swift */; };
/* End PBXBuildFile section */

/* Begin PBXFileReference section */
		FD4BF9E92814D91B00A07C63 /* Touchdown.app */ = {isa = PBXFileReference; explicitFileType = wrapper.application; includeInIndex = 0; path = Touchdown.app; sourceTree = BUILT_PRODUCTS_DIR; };
		FD4BF9EC2814D91B00A07C63 /* TouchdownApp.swift */ = {isa = PBXFileReference; lastKnownFileType = sourcecode.swift; path = TouchdownApp.swift; sourceTree = "<group>"; };
		FD4BF9EE2814D91B00A07C63 /* ContentView.swift */ = {isa = PBXFileReference; lastKnownFileType = sourcecode.swift; path = ContentView.swift; sourceTree = "<group>"; };
		FD4BF9F02814D91C00A07C63 /* Assets.xcassets */ = {isa = PBXFileReference; lastKnownFileType = folder.assetcatalog; path = Assets.xcassets; sourceTree = "<group>"; };
		FD4BF9F32814D91C00A07C63 /* Preview Assets.xcassets */ = {isa = PBXFileReference; lastKnownFileType = folder.assetcatalog; path = "Preview Assets.xcassets"; sourceTree = "<group>"; };
		FD4BF9FA2814DA4900A07C63 /* product.json */ = {isa = PBXFileReference; fileEncoding = 4; lastKnownFileType = text.json; path = product.json; sourceTree = "<group>"; };
		FD4BF9FB2814DA4900A07C63 /* category.json */ = {isa = PBXFileReference; fileEncoding = 4; lastKnownFileType = text.json; path = category.json; sourceTree = "<group>"; };
		FD4BF9FC2814DA4900A07C63 /* brand.json */ = {isa = PBXFileReference; fileEncoding = 4; lastKnownFileType = text.json; path = brand.json; sourceTree = "<group>"; };
		FD4BF9FD2814DA4900A07C63 /* player.json */ = {isa = PBXFileReference; fileEncoding = 4; lastKnownFileType = text.json; path = player.json; sourceTree = "<group>"; };
		FD4BFA032814DA9C00A07C63 /* Info.plist */ = {isa = PBXFileReference; lastKnownFileType = text.plist; path = Info.plist; sourceTree = "<group>"; };
		FD4BFA0B2814DB6C00A07C63 /* Constant.swift */ = {isa = PBXFileReference; lastKnownFileType = sourcecode.swift; path = Constant.swift; sourceTree = "<group>"; };
		FD4BFA0D2814DC1200A07C63 /* FooterView.swift */ = {isa = PBXFileReference; lastKnownFileType = sourcecode.swift; path = FooterView.swift; sourceTree = "<group>"; };
		FD4BFA0F2814DED700A07C63 /* NavigationBarView.swift */ = {isa = PBXFileReference; lastKnownFileType = sourcecode.swift; path = NavigationBarView.swift; sourceTree = "<group>"; };
		FD4BFA112814DFC100A07C63 /* LogoView.swift */ = {isa = PBXFileReference; lastKnownFileType = sourcecode.swift; path = LogoView.swift; sourceTree = "<group>"; };
		FD4BFA132814E57200A07C63 /* FeaturedItemView.swift */ = {isa = PBXFileReference; lastKnownFileType = sourcecode.swift; path = FeaturedItemView.swift; sourceTree = "<group>"; };
		FD4BFA152814E5D700A07C63 /* PlayerModel.swift */ = {isa = PBXFileReference; lastKnownFileType = sourcecode.swift; path = PlayerModel.swift; sourceTree = "<group>"; };
		FD4BFA172814E63500A07C63 /* CodableBundleExtension.swift */ = {isa = PBXFileReference; lastKnownFileType = sourcecode.swift; path = CodableBundleExtension.swift; sourceTree = "<group>"; };
		FD4BFA192814E7EE00A07C63 /* FeaturedTabView.swift */ = {isa = PBXFileReference; lastKnownFileType = sourcecode.swift; path = FeaturedTabView.swift; sourceTree = "<group>"; };
		FD4BFA1B2814EA7700A07C63 /* CategoryModel.swift */ = {isa = PBXFileReference; lastKnownFileType = sourcecode.swift; path = CategoryModel.swift; sourceTree = "<group>"; };
		FD4BFA1D2814EE6300A07C63 /* CategoryItemView.swift */ = {isa = PBXFileReference; lastKnownFileType = sourcecode.swift; path = CategoryItemView.swift; sourceTree = "<group>"; };
		FD4BFA1F2814EFA500A07C63 /* CategoryGridView.swift */ = {isa = PBXFileReference; lastKnownFileType = sourcecode.swift; path = CategoryGridView.swift; sourceTree = "<group>"; };
		FD4BFA212814F61F00A07C63 /* SectionView.swift */ = {isa = PBXFileReference; lastKnownFileType = sourcecode.swift; path = SectionView.swift; sourceTree = "<group>"; };
		FD4BFA232814FC8500A07C63 /* TitleView.swift */ = {isa = PBXFileReference; lastKnownFileType = sourcecode.swift; path = TitleView.swift; sourceTree = "<group>"; };
		FD4BFA252814FD6200A07C63 /* ProductModel.swift */ = {isa = PBXFileReference; lastKnownFileType = sourcecode.swift; path = ProductModel.swift; sourceTree = "<group>"; };
		FD4BFA272814FDE300A07C63 /* ProductItemView.swift */ = {isa = PBXFileReference; lastKnownFileType = sourcecode.swift; path = ProductItemView.swift; sourceTree = "<group>"; };
		FD4BFA292815010000A07C63 /* BrandModel.swift */ = {isa = PBXFileReference; lastKnownFileType = sourcecode.swift; path = BrandModel.swift; sourceTree = "<group>"; };
		FD4BFA2B2815014600A07C63 /* BrandItemView.swift */ = {isa = PBXFileReference; lastKnownFileType = sourcecode.swift; path = BrandItemView.swift; sourceTree = "<group>"; };
		FD4BFA2D2815051500A07C63 /* BrandGridView.swift */ = {isa = PBXFileReference; lastKnownFileType = sourcecode.swift; path = BrandGridView.swift; sourceTree = "<group>"; };
/* End PBXFileReference section */

/* Begin PBXFrameworksBuildPhase section */
		FD4BF9E62814D91B00A07C63 /* Frameworks */ = {
			isa = PBXFrameworksBuildPhase;
			buildActionMask = 2147483647;
			files = (
			);
			runOnlyForDeploymentPostprocessing = 0;
		};
/* End PBXFrameworksBuildPhase section */

/* Begin PBXGroup section */
		FD4BF9E02814D91B00A07C63 = {
			isa = PBXGroup;
			children = (
				FD4BF9EB2814D91B00A07C63 /* Touchdown */,
				FD4BF9EA2814D91B00A07C63 /* Products */,
			);
			sourceTree = "<group>";
		};
		FD4BF9EA2814D91B00A07C63 /* Products */ = {
			isa = PBXGroup;
			children = (
				FD4BF9E92814D91B00A07C63 /* Touchdown.app */,
			);
			name = Products;
			sourceTree = "<group>";
		};
		FD4BF9EB2814D91B00A07C63 /* Touchdown */ = {
			isa = PBXGroup;
			children = (
				FD4BFA042814DAF300A07C63 /* App */,
				FD4BFA052814DAF800A07C63 /* View */,
				FD4BFA0A2814DB2100A07C63 /* Utility */,
				FD4BFA092814DB1B00A07C63 /* Extension */,
				FD4BFA082814DB1600A07C63 /* Model */,
				FD4BFA022814DA5200A07C63 /* Data */,
				FD4BFA032814DA9C00A07C63 /* Info.plist */,
				FD4BF9F02814D91C00A07C63 /* Assets.xcassets */,
				FD4BF9F22814D91C00A07C63 /* Preview Content */,
			);
			path = Touchdown;
			sourceTree = "<group>";
		};
		FD4BF9F22814D91C00A07C63 /* Preview Content */ = {
			isa = PBXGroup;
			children = (
				FD4BF9F32814D91C00A07C63 /* Preview Assets.xcassets */,
			);
			path = "Preview Content";
			sourceTree = "<group>";
		};
		FD4BFA022814DA5200A07C63 /* Data */ = {
			isa = PBXGroup;
			children = (
				FD4BF9FC2814DA4900A07C63 /* brand.json */,
				FD4BF9FB2814DA4900A07C63 /* category.json */,
				FD4BF9FD2814DA4900A07C63 /* player.json */,
				FD4BF9FA2814DA4900A07C63 /* product.json */,
			);
			path = Data;
			sourceTree = "<group>";
		};
		FD4BFA042814DAF300A07C63 /* App */ = {
			isa = PBXGroup;
			children = (
				FD4BF9EC2814D91B00A07C63 /* TouchdownApp.swift */,
				FD4BF9EE2814D91B00A07C63 /* ContentView.swift */,
			);
			path = App;
			sourceTree = "<group>";
		};
		FD4BFA052814DAF800A07C63 /* View */ = {
			isa = PBXGroup;
			children = (
				FD4BFA312815075800A07C63 /* ContentViews */,
				FD4BFA2F281506E900A07C63 /* ItemViews */,
				FD4BFA072814DB0300A07C63 /* Detail */,
			);
			path = View;
			sourceTree = "<group>";
		};
		FD4BFA072814DB0300A07C63 /* Detail */ = {
			isa = PBXGroup;
			children = (
			);
			path = Detail;
			sourceTree = "<group>";
		};
		FD4BFA082814DB1600A07C63 /* Model */ = {
			isa = PBXGroup;
			children = (
				FD4BFA152814E5D700A07C63 /* PlayerModel.swift */,
				FD4BFA1B2814EA7700A07C63 /* CategoryModel.swift */,
				FD4BFA252814FD6200A07C63 /* ProductModel.swift */,
				FD4BFA292815010000A07C63 /* BrandModel.swift */,
			);
			path = Model;
			sourceTree = "<group>";
		};
		FD4BFA092814DB1B00A07C63 /* Extension */ = {
			isa = PBXGroup;
			children = (
				FD4BFA172814E63500A07C63 /* CodableBundleExtension.swift */,
			);
			path = Extension;
			sourceTree = "<group>";
		};
		FD4BFA0A2814DB2100A07C63 /* Utility */ = {
			isa = PBXGroup;
			children = (
				FD4BFA0B2814DB6C00A07C63 /* Constant.swift */,
			);
			path = Utility;
			sourceTree = "<group>";
		};
		FD4BFA2F281506E900A07C63 /* ItemViews */ = {
			isa = PBXGroup;
			children = (
				FD4BFA302815070700A07C63 /* NavigationViews */,
				FD4BFA272814FDE300A07C63 /* ProductItemView.swift */,
				FD4BFA2B2815014600A07C63 /* BrandItemView.swift */,
				FD4BFA1D2814EE6300A07C63 /* CategoryItemView.swift */,
				FD4BFA132814E57200A07C63 /* FeaturedItemView.swift */,
				FD4BFA212814F61F00A07C63 /* SectionView.swift */,
				FD4BFA112814DFC100A07C63 /* LogoView.swift */,
			);
			path = ItemViews;
			sourceTree = "<group>";
		};
		FD4BFA302815070700A07C63 /* NavigationViews */ = {
			isa = PBXGroup;
			children = (
				FD4BFA0F2814DED700A07C63 /* NavigationBarView.swift */,
			);
			path = NavigationViews;
			sourceTree = "<group>";
		};
		FD4BFA312815075800A07C63 /* ContentViews */ = {
			isa = PBXGroup;
			children = (
				FD4BFA232814FC8500A07C63 /* TitleView.swift */,
				FD4BFA2D2815051500A07C63 /* BrandGridView.swift */,
				FD4BFA0D2814DC1200A07C63 /* FooterView.swift */,
				FD4BFA192814E7EE00A07C63 /* FeaturedTabView.swift */,
				FD4BFA1F2814EFA500A07C63 /* CategoryGridView.swift */,
			);
			path = ContentViews;
			sourceTree = "<group>";
		};
/* End PBXGroup section */

/* Begin PBXNativeTarget section */
		FD4BF9E82814D91B00A07C63 /* Touchdown */ = {
			isa = PBXNativeTarget;
			buildConfigurationList = FD4BF9F72814D91C00A07C63 /* Build configuration list for PBXNativeTarget "Touchdown" */;
			buildPhases = (
				FD4BF9E52814D91B00A07C63 /* Sources */,
				FD4BF9E62814D91B00A07C63 /* Frameworks */,
				FD4BF9E72814D91B00A07C63 /* Resources */,
			);
			buildRules = (
			);
			dependencies = (
			);
			name = Touchdown;
			productName = Touchdown;
			productReference = FD4BF9E92814D91B00A07C63 /* Touchdown.app */;
			productType = "com.apple.product-type.application";
		};
/* End PBXNativeTarget section */

/* Begin PBXProject section */
		FD4BF9E12814D91B00A07C63 /* Project object */ = {
			isa = PBXProject;
			attributes = {
				BuildIndependentTargetsInParallel = 1;
				LastSwiftUpdateCheck = 1330;
				LastUpgradeCheck = 1330;
				TargetAttributes = {
					FD4BF9E82814D91B00A07C63 = {
						CreatedOnToolsVersion = 13.3;
					};
				};
			};
			buildConfigurationList = FD4BF9E42814D91B00A07C63 /* Build configuration list for PBXProject "Touchdown" */;
			compatibilityVersion = "Xcode 13.0";
			developmentRegion = en;
			hasScannedForEncodings = 0;
			knownRegions = (
				en,
				Base,
			);
			mainGroup = FD4BF9E02814D91B00A07C63;
			productRefGroup = FD4BF9EA2814D91B00A07C63 /* Products */;
			projectDirPath = "";
			projectRoot = "";
			targets = (
				FD4BF9E82814D91B00A07C63 /* Touchdown */,
			);
		};
/* End PBXProject section */

/* Begin PBXResourcesBuildPhase section */
		FD4BF9E72814D91B00A07C63 /* Resources */ = {
			isa = PBXResourcesBuildPhase;
			buildActionMask = 2147483647;
			files = (
				FD4BFA012814DA4900A07C63 /* player.json in Resources */,
				FD4BF9F42814D91C00A07C63 /* Preview Assets.xcassets in Resources */,
				FD4BFA002814DA4900A07C63 /* brand.json in Resources */,
				FD4BF9F12814D91C00A07C63 /* Assets.xcassets in Resources */,
				FD4BF9FE2814DA4900A07C63 /* product.json in Resources */,
				FD4BF9FF2814DA4900A07C63 /* category.json in Resources */,
			);
			runOnlyForDeploymentPostprocessing = 0;
		};
/* End PBXResourcesBuildPhase section */

/* Begin PBXSourcesBuildPhase section */
		FD4BF9E52814D91B00A07C63 /* Sources */ = {
			isa = PBXSourcesBuildPhase;
			buildActionMask = 2147483647;
			files = (
				FD4BF9EF2814D91B00A07C63 /* ContentView.swift in Sources */,
				FD4BFA122814DFC100A07C63 /* LogoView.swift in Sources */,
				FD4BFA162814E5D700A07C63 /* PlayerModel.swift in Sources */,
				FD4BFA0E2814DC1200A07C63 /* FooterView.swift in Sources */,
				FD4BF9ED2814D91B00A07C63 /* TouchdownApp.swift in Sources */,
				FD4BFA282814FDE300A07C63 /* ProductItemView.swift in Sources */,
				FD4BFA2E2815051500A07C63 /* BrandGridView.swift in Sources */,
				FD4BFA142814E57200A07C63 /* FeaturedItemView.swift in Sources */,
				FD4BFA0C2814DB6C00A07C63 /* Constant.swift in Sources */,
				FD4BFA202814EFA500A07C63 /* CategoryGridView.swift in Sources */,
				FD4BFA1C2814EA7700A07C63 /* CategoryModel.swift in Sources */,
				FD4BFA102814DED700A07C63 /* NavigationBarView.swift in Sources */,
				FD4BFA222814F61F00A07C63 /* SectionView.swift in Sources */,
				FD4BFA2C2815014600A07C63 /* BrandItemView.swift in Sources */,
				FD4BFA1E2814EE6300A07C63 /* CategoryItemView.swift in Sources */,
				FD4BFA1A2814E7EE00A07C63 /* FeaturedTabView.swift in Sources */,
				FD4BFA182814E63500A07C63 /* CodableBundleExtension.swift in Sources */,
				FD4BFA2A2815010000A07C63 /* BrandModel.swift in Sources */,
				FD4BFA242814FC8500A07C63 /* TitleView.swift in Sources */,
				FD4BFA262814FD6200A07C63 /* ProductModel.swift in Sources */,
			);
			runOnlyForDeploymentPostprocessing = 0;
		};
/* End PBXSourcesBuildPhase section */

/* Begin XCBuildConfiguration section */
		FD4BF9F52814D91C00A07C63 /* Debug */ = {
			isa = XCBuildConfiguration;
			buildSettings = {
				ALWAYS_SEARCH_USER_PATHS = NO;
				CLANG_ANALYZER_NONNULL = YES;
				CLANG_ANALYZER_NUMBER_OBJECT_CONVERSION = YES_AGGRESSIVE;
				CLANG_CXX_LANGUAGE_STANDARD = "gnu++17";
				CLANG_ENABLE_MODULES = YES;
				CLANG_ENABLE_OBJC_ARC = YES;
				CLANG_ENABLE_OBJC_WEAK = YES;
				CLANG_WARN_BLOCK_CAPTURE_AUTORELEASING = YES;
				CLANG_WARN_BOOL_CONVERSION = YES;
				CLANG_WARN_COMMA = YES;
				CLANG_WARN_CONSTANT_CONVERSION = YES;
				CLANG_WARN_DEPRECATED_OBJC_IMPLEMENTATIONS = YES;
				CLANG_WARN_DIRECT_OBJC_ISA_USAGE = YES_ERROR;
				CLANG_WARN_DOCUMENTATION_COMMENTS = YES;
				CLANG_WARN_EMPTY_BODY = YES;
				CLANG_WARN_ENUM_CONVERSION = YES;
				CLANG_WARN_INFINITE_RECURSION = YES;
				CLANG_WARN_INT_CONVERSION = YES;
				CLANG_WARN_NON_LITERAL_NULL_CONVERSION = YES;
				CLANG_WARN_OBJC_IMPLICIT_RETAIN_SELF = YES;
				CLANG_WARN_OBJC_LITERAL_CONVERSION = YES;
				CLANG_WARN_OBJC_ROOT_CLASS = YES_ERROR;
				CLANG_WARN_QUOTED_INCLUDE_IN_FRAMEWORK_HEADER = YES;
				CLANG_WARN_RANGE_LOOP_ANALYSIS = YES;
				CLANG_WARN_STRICT_PROTOTYPES = YES;
				CLANG_WARN_SUSPICIOUS_MOVE = YES;
				CLANG_WARN_UNGUARDED_AVAILABILITY = YES_AGGRESSIVE;
				CLANG_WARN_UNREACHABLE_CODE = YES;
				CLANG_WARN__DUPLICATE_METHOD_MATCH = YES;
				COPY_PHASE_STRIP = NO;
				DEBUG_INFORMATION_FORMAT = dwarf;
				ENABLE_STRICT_OBJC_MSGSEND = YES;
				ENABLE_TESTABILITY = YES;
				GCC_C_LANGUAGE_STANDARD = gnu11;
				GCC_DYNAMIC_NO_PIC = NO;
				GCC_NO_COMMON_BLOCKS = YES;
				GCC_OPTIMIZATION_LEVEL = 0;
				GCC_PREPROCESSOR_DEFINITIONS = (
					"DEBUG=1",
					"$(inherited)",
				);
				GCC_WARN_64_TO_32_BIT_CONVERSION = YES;
				GCC_WARN_ABOUT_RETURN_TYPE = YES_ERROR;
				GCC_WARN_UNDECLARED_SELECTOR = YES;
				GCC_WARN_UNINITIALIZED_AUTOS = YES_AGGRESSIVE;
				GCC_WARN_UNUSED_FUNCTION = YES;
				GCC_WARN_UNUSED_VARIABLE = YES;
				IPHONEOS_DEPLOYMENT_TARGET = 15.4;
				MTL_ENABLE_DEBUG_INFO = INCLUDE_SOURCE;
				MTL_FAST_MATH = YES;
				ONLY_ACTIVE_ARCH = YES;
				SDKROOT = iphoneos;
				SWIFT_ACTIVE_COMPILATION_CONDITIONS = DEBUG;
				SWIFT_OPTIMIZATION_LEVEL = "-Onone";
			};
			name = Debug;
		};
		FD4BF9F62814D91C00A07C63 /* Release */ = {
			isa = XCBuildConfiguration;
			buildSettings = {
				ALWAYS_SEARCH_USER_PATHS = NO;
				CLANG_ANALYZER_NONNULL = YES;
				CLANG_ANALYZER_NUMBER_OBJECT_CONVERSION = YES_AGGRESSIVE;
				CLANG_CXX_LANGUAGE_STANDARD = "gnu++17";
				CLANG_ENABLE_MODULES = YES;
				CLANG_ENABLE_OBJC_ARC = YES;
				CLANG_ENABLE_OBJC_WEAK = YES;
				CLANG_WARN_BLOCK_CAPTURE_AUTORELEASING = YES;
				CLANG_WARN_BOOL_CONVERSION = YES;
				CLANG_WARN_COMMA = YES;
				CLANG_WARN_CONSTANT_CONVERSION = YES;
				CLANG_WARN_DEPRECATED_OBJC_IMPLEMENTATIONS = YES;
				CLANG_WARN_DIRECT_OBJC_ISA_USAGE = YES_ERROR;
				CLANG_WARN_DOCUMENTATION_COMMENTS = YES;
				CLANG_WARN_EMPTY_BODY = YES;
				CLANG_WARN_ENUM_CONVERSION = YES;
				CLANG_WARN_INFINITE_RECURSION = YES;
				CLANG_WARN_INT_CONVERSION = YES;
				CLANG_WARN_NON_LITERAL_NULL_CONVERSION = YES;
				CLANG_WARN_OBJC_IMPLICIT_RETAIN_SELF = YES;
				CLANG_WARN_OBJC_LITERAL_CONVERSION = YES;
				CLANG_WARN_OBJC_ROOT_CLASS = YES_ERROR;
				CLANG_WARN_QUOTED_INCLUDE_IN_FRAMEWORK_HEADER = YES;
				CLANG_WARN_RANGE_LOOP_ANALYSIS = YES;
				CLANG_WARN_STRICT_PROTOTYPES = YES;
				CLANG_WARN_SUSPICIOUS_MOVE = YES;
				CLANG_WARN_UNGUARDED_AVAILABILITY = YES_AGGRESSIVE;
				CLANG_WARN_UNREACHABLE_CODE = YES;
				CLANG_WARN__DUPLICATE_METHOD_MATCH = YES;
				COPY_PHASE_STRIP = NO;
				DEBUG_INFORMATION_FORMAT = "dwarf-with-dsym";
				ENABLE_NS_ASSERTIONS = NO;
				ENABLE_STRICT_OBJC_MSGSEND = YES;
				GCC_C_LANGUAGE_STANDARD = gnu11;
				GCC_NO_COMMON_BLOCKS = YES;
				GCC_WARN_64_TO_32_BIT_CONVERSION = YES;
				GCC_WARN_ABOUT_RETURN_TYPE = YES_ERROR;
				GCC_WARN_UNDECLARED_SELECTOR = YES;
				GCC_WARN_UNINITIALIZED_AUTOS = YES_AGGRESSIVE;
				GCC_WARN_UNUSED_FUNCTION = YES;
				GCC_WARN_UNUSED_VARIABLE = YES;
				IPHONEOS_DEPLOYMENT_TARGET = 15.4;
				MTL_ENABLE_DEBUG_INFO = NO;
				MTL_FAST_MATH = YES;
				SDKROOT = iphoneos;
				SWIFT_COMPILATION_MODE = wholemodule;
				SWIFT_OPTIMIZATION_LEVEL = "-O";
				VALIDATE_PRODUCT = YES;
			};
			name = Release;
		};
		FD4BF9F82814D91C00A07C63 /* Debug */ = {
			isa = XCBuildConfiguration;
			buildSettings = {
				ASSETCATALOG_COMPILER_APPICON_NAME = AppIcon;
				ASSETCATALOG_COMPILER_GLOBAL_ACCENT_COLOR_NAME = AccentColor;
				CODE_SIGN_STYLE = Automatic;
				CURRENT_PROJECT_VERSION = 1;
				DEVELOPMENT_ASSET_PATHS = "\"Touchdown/Preview Content\"";
				DEVELOPMENT_TEAM = 4KD65TKKK8;
				ENABLE_PREVIEWS = YES;
				GENERATE_INFOPLIST_FILE = YES;
				INFOPLIST_FILE = Touchdown/Info.plist;
				INFOPLIST_KEY_UIApplicationSceneManifest_Generation = YES;
				INFOPLIST_KEY_UIApplicationSupportsIndirectInputEvents = YES;
				INFOPLIST_KEY_UISupportedInterfaceOrientations = UIInterfaceOrientationPortrait;
				INFOPLIST_KEY_UISupportedInterfaceOrientations_iPad = "UIInterfaceOrientationPortrait UIInterfaceOrientationPortraitUpsideDown UIInterfaceOrientationLandscapeLeft UIInterfaceOrientationLandscapeRight";
				INFOPLIST_KEY_UISupportedInterfaceOrientations_iPhone = "UIInterfaceOrientationPortrait UIInterfaceOrientationLandscapeLeft UIInterfaceOrientationLandscapeRight";
				INFOPLIST_KEY_UIUserInterfaceStyle = Light;
				LD_RUNPATH_SEARCH_PATHS = (
					"$(inherited)",
					"@executable_path/Frameworks",
				);
				MARKETING_VERSION = 1.0;
				PRODUCT_BUNDLE_IDENTIFIER = com.lauramjohnson.Touchdown;
				PRODUCT_NAME = "$(TARGET_NAME)";
				SWIFT_EMIT_LOC_STRINGS = YES;
				SWIFT_VERSION = 5.0;
				TARGETED_DEVICE_FAMILY = "1,2";
			};
			name = Debug;
		};
		FD4BF9F92814D91C00A07C63 /* Release */ = {
			isa = XCBuildConfiguration;
			buildSettings = {
				ASSETCATALOG_COMPILER_APPICON_NAME = AppIcon;
				ASSETCATALOG_COMPILER_GLOBAL_ACCENT_COLOR_NAME = AccentColor;
				CODE_SIGN_STYLE = Automatic;
				CURRENT_PROJECT_VERSION = 1;
				DEVELOPMENT_ASSET_PATHS = "\"Touchdown/Preview Content\"";
				DEVELOPMENT_TEAM = 4KD65TKKK8;
				ENABLE_PREVIEWS = YES;
				GENERATE_INFOPLIST_FILE = YES;
				INFOPLIST_FILE = Touchdown/Info.plist;
				INFOPLIST_KEY_UIApplicationSceneManifest_Generation = YES;
				INFOPLIST_KEY_UIApplicationSupportsIndirectInputEvents = YES;
				INFOPLIST_KEY_UISupportedInterfaceOrientations = UIInterfaceOrientationPortrait;
				INFOPLIST_KEY_UISupportedInterfaceOrientations_iPad = "UIInterfaceOrientationPortrait UIInterfaceOrientationPortraitUpsideDown UIInterfaceOrientationLandscapeLeft UIInterfaceOrientationLandscapeRight";
				INFOPLIST_KEY_UISupportedInterfaceOrientations_iPhone = "UIInterfaceOrientationPortrait UIInterfaceOrientationLandscapeLeft UIInterfaceOrientationLandscapeRight";
				INFOPLIST_KEY_UIUserInterfaceStyle = Light;
				LD_RUNPATH_SEARCH_PATHS = (
					"$(inherited)",
					"@executable_path/Frameworks",
				);
				MARKETING_VERSION = 1.0;
				PRODUCT_BUNDLE_IDENTIFIER = com.lauramjohnson.Touchdown;
				PRODUCT_NAME = "$(TARGET_NAME)";
				SWIFT_EMIT_LOC_STRINGS = YES;
				SWIFT_VERSION = 5.0;
				TARGETED_DEVICE_FAMILY = "1,2";
			};
			name = Release;
		};
/* End XCBuildConfiguration section */

/* Begin XCConfigurationList section */
		FD4BF9E42814D91B00A07C63 /* Build configuration list for PBXProject "Touchdown" */ = {
			isa = XCConfigurationList;
			buildConfigurations = (
				FD4BF9F52814D91C00A07C63 /* Debug */,
				FD4BF9F62814D91C00A07C63 /* Release */,
			);
			defaultConfigurationIsVisible = 0;
			defaultConfigurationName = Release;
		};
		FD4BF9F72814D91C00A07C63 /* Build configuration list for PBXNativeTarget "Touchdown" */ = {
			isa = XCConfigurationList;
			buildConfigurations = (
				FD4BF9F82814D91C00A07C63 /* Debug */,
				FD4BF9F92814D91C00A07C63 /* Release */,
			);
			defaultConfigurationIsVisible = 0;
			defaultConfigurationName = Release;
		};
/* End XCConfigurationList section */
	};
	rootObject = FD4BF9E12814D91B00A07C63 /* Project object */;
}
